
Microsoft Visual Studio Solution File, Format Version 12.00
# Visual Studio Version 16
VisualStudioVersion = 16.0.30406.217
MinimumVisualStudioVersion = 10.0.40219.1
Project("{FAE04EC0-301F-11D3-BF4B-00C04F79EFBC}") = "Common", "Common\Common.csproj", "{E3D28BFD-71D5-4599-A43E-B5268C91DC5B}"
EndProject
Project("{FAE04EC0-301F-11D3-BF4B-00C04F79EFBC}") = "SUC_Sys", "SUC_Sys\SUC_Sys.csproj", "{B78D6898-F1E8-4D0A-B9D9-17E68F4F192B}"
EndProject
Project("{FAE04EC0-301F-11D3-BF4B-00C04F79EFBC}") = "SUC_EntityBLL", "SUC_EntityBLL\SUC_EntityBLL.csproj", "{12051F48-8945-4E68-836A-E1E5F9B14E19}"
EndProject
Project("{FAE04EC0-301F-11D3-BF4B-00C04F79EFBC}") = "SUC_DAL", "SUC_DAL\SUC_DAL.csproj", "{4D913407-1E91-484C-866B-BB8B0787F0D9}"
EndProject
Project("{FAE04EC0-301F-11D3-BF4B-00C04F79EFBC}") = "SUC_DataEntity", "SUC_DataEntity\SUC_DataEntity.csproj", "{9816C62E-0EBB-4390-BCBF-653B9B6F8D39}"
EndProject
Global
	GlobalSection(SolutionConfigurationPlatforms) = preSolution
		Debug|Any CPU = Debug|Any CPU
		Release|Any CPU = Release|Any CPU
	EndGlobalSection
	GlobalSection(ProjectConfigurationPlatforms) = postSolution
		{E3D28BFD-71D5-4599-A43E-B5268C91DC5B}.Debug|Any CPU.ActiveCfg = Debug|Any CPU
		{E3D28BFD-71D5-4599-A43E-B5268C91DC5B}.Debug|Any CPU.Build.0 = Debug|Any CPU
		{E3D28BFD-71D5-4599-A43E-B5268C91DC5B}.Release|Any CPU.ActiveCfg = Release|Any CPU
		{E3D28BFD-71D5-4599-A43E-B5268C91DC5B}.Release|Any CPU.Build.0 = Release|Any CPU
		{B78D6898-F1E8-4D0A-B9D9-17E68F4F192B}.Debug|Any CPU.ActiveCfg = Debug|Any CPU
		{B78D6898-F1E8-4D0A-B9D9-17E68F4F192B}.Debug|Any CPU.Build.0 = Debug|Any CPU
		{B78D6898-F1E8-4D0A-B9D9-17E68F4F192B}.Release|Any CPU.ActiveCfg = Release|Any CPU
		{B78D6898-F1E8-4D0A-B9D9-17E68F4F192B}.Release|Any CPU.Build.0 = Release|Any CPU
		{12051F48-8945-4E68-836A-E1E5F9B14E19}.Debug|Any CPU.ActiveCfg = Debug|Any CPU
		{12051F48-8945-4E68-836A-E1E5F9B14E19}.Debug|Any CPU.Build.0 = Debug|Any CPU
		{12051F48-8945-4E68-836A-E1E5F9B14E19}.Release|Any CPU.ActiveCfg = Release|Any CPU
		{12051F48-8945-4E68-836A-E1E5F9B14E19}.Release|Any CPU.Build.0 = Release|Any CPU
		{4D913407-1E91-484C-866B-BB8B0787F0D9}.Debug|Any CPU.ActiveCfg = Debug|Any CPU
		{4D913407-1E91-484C-866B-BB8B0787F0D9}.Debug|Any CPU.Build.0 = Debug|Any CPU
		{4D913407-1E91-484C-866B-BB8B0787F0D9}.Release|Any CPU.ActiveCfg = Release|Any CPU
		{4D913407-1E91-484C-866B-BB8B0787F0D9}.Release|Any CPU.Build.0 = Release|Any CPU
		{9816C62E-0EBB-4390-BCBF-653B9B6F8D39}.Debug|Any CPU.ActiveCfg = Debug|Any CPU
		{9816C62E-0EBB-4390-BCBF-653B9B6F8D39}.Debug|Any CPU.Build.0 = Debug|Any CPU
		{9816C62E-0EBB-4390-BCBF-653B9B6F8D39}.Release|Any CPU.ActiveCfg = Release|Any CPU
		{9816C62E-0EBB-4390-BCBF-653B9B6F8D39}.Release|Any CPU.Build.0 = Release|Any CPU
	EndGlobalSection
	GlobalSection(SolutionProperties) = preSolution
		HideSolutionNode = FALSE
	EndGlobalSection
	GlobalSection(ExtensibilityGlobals) = postSolution
		SolutionGuid = {E56930C3-572D-47C5-A2DD-E5266F902489}
	EndGlobalSection
EndGlobal
